// !$*UTF8*$!
{
	archiveVersion = 1;
	classes = {
	};
	objectVersion = 46;
	objects = {

/* Begin PBXBuildFile section */
		B10493801A703A35001F0221 /* osx-main-test.c in Sources */ = {isa = PBXBuildFile; fileRef = B104937F1A703A35001F0221 /* osx-main-test.c */; };
		B10493821A703AC3001F0221 /* libapr-2.0.dylib in Frameworks */ = {isa = PBXBuildFile; fileRef = B10493811A703AC3001F0221 /* libapr-2.0.dylib */; };
		B10493941A717CAE001F0221 /* apr-module-functions.h in Headers */ = {isa = PBXBuildFile; fileRef = B10493911A717CAE001F0221 /* apr-module-functions.h */; };
		B10493951A717CAE001F0221 /* apr-helper-functions.c in Sources */ = {isa = PBXBuildFile; fileRef = B10493921A717CAE001F0221 /* apr-helper-functions.c */; };
		B10493961A717CAE001F0221 /* apr-module-functions.c in Sources */ = {isa = PBXBuildFile; fileRef = B10493931A717CAE001F0221 /* apr-module-functions.c */; };
		B135AD121AAC5C4C005EAF8E /* test-sender-receiver.c in Sources */ = {isa = PBXBuildFile; fileRef = B135AD031AAC5794005EAF8E /* test-sender-receiver.c */; };
		B135AD131AAC5C4C005EAF8E /* test-sender-receiver.def.json in Sources */ = {isa = PBXBuildFile; fileRef = B135AD041AAC5794005EAF8E /* test-sender-receiver.def.json */; };
		B135AD141AAC5C69005EAF8E /* libsdk.dylib in Frameworks */ = {isa = PBXBuildFile; fileRef = B10493871A717BE3001F0221 /* libsdk.dylib */; };
		B135AD151AAC5CCF005EAF8E /* libbson-1.0.0.dylib in Frameworks */ = {isa = PBXBuildFile; fileRef = B1F0A3341A863DF700C7E995 /* libbson-1.0.0.dylib */; };
		B135AD161AAC5CFF005EAF8E /* libapr-2.0.dylib in Frameworks */ = {isa = PBXBuildFile; fileRef = B10493811A703AC3001F0221 /* libapr-2.0.dylib */; };
		B1F0A3351A863DF700C7E995 /* libbson-1.0.0.dylib in Frameworks */ = {isa = PBXBuildFile; fileRef = B1F0A3341A863DF700C7E995 /* libbson-1.0.0.dylib */; };
		B1F0A3371A864F9100C7E995 /* test-sender.c in Sources */ = {isa = PBXBuildFile; fileRef = B1F0A3361A864F9100C7E995 /* test-sender.c */; };
		B1F0A3431A864FF100C7E995 /* test-sender.c in Sources */ = {isa = PBXBuildFile; fileRef = B1F0A3361A864F9100C7E995 /* test-sender.c */; };
		B1F0A34C1A878F3E00C7E995 /* test-sender.def.json in Sources */ = {isa = PBXBuildFile; fileRef = B1F0A34B1A878F3200C7E995 /* test-sender.def.json */; };
		B1F0A34E1A87913200C7E995 /* libbson-1.0.0.dylib in Frameworks */ = {isa = PBXBuildFile; fileRef = B1F0A3341A863DF700C7E995 /* libbson-1.0.0.dylib */; };
		B1F0A3511A8BDB3A00C7E995 /* ModulesCommonParams.def.js in Sources */ = {isa = PBXBuildFile; fileRef = B1F0A3501A8BDB3A00C7E995 /* ModulesCommonParams.def.js */; };
		B1F0A3521A8BDE8800C7E995 /* libsdk.dylib in Frameworks */ = {isa = PBXBuildFile; fileRef = B10493871A717BE3001F0221 /* libsdk.dylib */; };
		B1F0A3531A8D451C00C7E995 /* libapr-2.0.dylib in Frameworks */ = {isa = PBXBuildFile; fileRef = B10493811A703AC3001F0221 /* libapr-2.0.dylib */; };
		B1F0A3541A8E676700C7E995 /* libapr-2.0.dylib in Frameworks */ = {isa = PBXBuildFile; fileRef = B10493811A703AC3001F0221 /* libapr-2.0.dylib */; };
/* End PBXBuildFile section */

/* Begin PBXBuildRule section */
		B135AD171AAC5D18005EAF8E /* PBXBuildRule */ = {
			isa = PBXBuildRule;
			compilerSpec = com.apple.compilers.proxy.script;
			filePatterns = "*.def.json";
			fileType = pattern.proxy;
			isEditable = 1;
			outputFiles = (
				"$(DERIVED_SOURCES_DIR)/test-sender-receiver.helper.c",
				"$(DERIVED_SOURCES_DIR)/test-sender-receiver.helper.h",
			);
			script = "/opt/local/bin/node libraries/sdk/ModuleGenerator.js $SOURCE_ROOT/modules/test-sender-receiver/test-sender-receiver.def.json $DERIVED_SOURCES_DIR GCC";
		};
		B1F0A34D1A878F4900C7E995 /* PBXBuildRule */ = {
			isa = PBXBuildRule;
			compilerSpec = com.apple.compilers.proxy.script;
			filePatterns = "*.def.json";
			fileType = pattern.proxy;
			isEditable = 1;
			outputFiles = (
				"$(DERIVED_SOURCES_DIR)/test-sender.helper.c",
				"$(DERIVED_SOURCES_DIR)/test-sender.helper.h",
			);
			script = "/opt/local/bin/node libraries/sdk/ModuleGenerator.js $SOURCE_ROOT/modules/test-sender/test-sender.def.json $DERIVED_SOURCES_DIR GCC";
		};
		B1F0A34F1A8BD99200C7E995 /* PBXBuildRule */ = {
			isa = PBXBuildRule;
			compilerSpec = com.apple.compilers.proxy.script;
			filePatterns = "*.def.js";
			fileType = pattern.proxy;
			isEditable = 1;
			outputFiles = (
				"$(DERIVED_SOURCES_DIR)/common-params.h",
				"$(DERIVED_SOURCES_DIR)/common-params.c",
			);
			script = "/opt/local/bin/node libraries/sdk/CommonParamsGenerator.js $SOURCE_ROOT/webapps/configurator/client/ModulesCommonParams.def.js  $DERIVED_SOURCES_DIR GCC";
		};
/* End PBXBuildRule section */

/* Begin PBXContainerItemProxy section */
		B10493971A717D41001F0221 /* PBXContainerItemProxy */ = {
			isa = PBXContainerItemProxy;
			containerPortal = B1BF4C501A70398E009CEFDC /* Project object */;
			proxyType = 1;
			remoteGlobalIDString = B10493861A717BE3001F0221;
			remoteInfo = sdk;
		};
		B135AD101AAC5C2E005EAF8E /* PBXContainerItemProxy */ = {
			isa = PBXContainerItemProxy;
			containerPortal = B1BF4C501A70398E009CEFDC /* Project object */;
			proxyType = 1;
			remoteGlobalIDString = B10493861A717BE3001F0221;
			remoteInfo = sdk;
		};
		B1F0A3441A864FFD00C7E995 /* PBXContainerItemProxy */ = {
			isa = PBXContainerItemProxy;
			containerPortal = B1BF4C501A70398E009CEFDC /* Project object */;
			proxyType = 1;
			remoteGlobalIDString = B10493861A717BE3001F0221;
			remoteInfo = sdk;
		};
/* End PBXContainerItemProxy section */

/* Begin PBXCopyFilesBuildPhase section */
		B135AD071AAC5852005EAF8E /* CopyFiles */ = {
			isa = PBXCopyFilesBuildPhase;
			buildActionMask = 2147483647;
			dstPath = /usr/share/man/man1/;
			dstSubfolderSpec = 0;
			files = (
			);
			runOnlyForDeploymentPostprocessing = 1;
		};
		B1BF4C561A70398E009CEFDC /* CopyFiles */ = {
			isa = PBXCopyFilesBuildPhase;
			buildActionMask = 2147483647;
			dstPath = /usr/share/man/man1/;
			dstSubfolderSpec = 0;
			files = (
			);
			runOnlyForDeploymentPostprocessing = 1;
		};
		B1F0A33A1A864FDB00C7E995 /* CopyFiles */ = {
			isa = PBXCopyFilesBuildPhase;
			buildActionMask = 2147483647;
			dstPath = /usr/share/man/man1/;
			dstSubfolderSpec = 0;
			files = (
			);
			runOnlyForDeploymentPostprocessing = 1;
		};
/* End PBXCopyFilesBuildPhase section */

/* Begin PBXFileReference section */
		B104937F1A703A35001F0221 /* osx-main-test.c */ = {isa = PBXFileReference; fileEncoding = 4; lastKnownFileType = sourcecode.c.c; path = "osx-main-test.c"; sourceTree = "<group>"; };
		B10493811A703AC3001F0221 /* libapr-2.0.dylib */ = {isa = PBXFileReference; lastKnownFileType = "compiled.mach-o.dylib"; name = "libapr-2.0.dylib"; path = "../../../usr/local/apr/lib/libapr-2.0.dylib"; sourceTree = "<group>"; };
		B10493871A717BE3001F0221 /* libsdk.dylib */ = {isa = PBXFileReference; explicitFileType = "compiled.mach-o.dylib"; includeInIndex = 0; path = libsdk.dylib; sourceTree = BUILT_PRODUCTS_DIR; };
		B10493911A717CAE001F0221 /* apr-module-functions.h */ = {isa = PBXFileReference; fileEncoding = 4; lastKnownFileType = sourcecode.c.h; name = "apr-module-functions.h"; path = "libraries/sdk/include/apr-module-functions.h"; sourceTree = "<group>"; };
		B10493921A717CAE001F0221 /* apr-helper-functions.c */ = {isa = PBXFileReference; fileEncoding = 4; lastKnownFileType = sourcecode.c.c; name = "apr-helper-functions.c"; path = "libraries/sdk/src/apr-helper-functions.c"; sourceTree = "<group>"; };
		B10493931A717CAE001F0221 /* apr-module-functions.c */ = {isa = PBXFileReference; fileEncoding = 4; lastKnownFileType = sourcecode.c.c; name = "apr-module-functions.c"; path = "libraries/sdk/src/apr-module-functions.c"; sourceTree = "<group>"; };
		B135AD031AAC5794005EAF8E /* test-sender-receiver.c */ = {isa = PBXFileReference; lastKnownFileType = sourcecode.c.c; name = "test-sender-receiver.c"; path = "modules/test-sender-receiver/test-sender-receiver.c"; sourceTree = "<group>"; };
		B135AD041AAC5794005EAF8E /* test-sender-receiver.def.json */ = {isa = PBXFileReference; lastKnownFileType = text.json; name = "test-sender-receiver.def.json"; path = "modules/test-sender-receiver/test-sender-receiver.def.json"; sourceTree = "<group>"; };
		B135AD091AAC5852005EAF8E /* test-sender-receiver */ = {isa = PBXFileReference; explicitFileType = "compiled.mach-o.executable"; includeInIndex = 0; path = "test-sender-receiver"; sourceTree = BUILT_PRODUCTS_DIR; };
		B135AD0B1AAC5852005EAF8E /* main.c */ = {isa = PBXFileReference; lastKnownFileType = sourcecode.c.c; path = main.c; sourceTree = "<group>"; };
		B1BF4C581A70398E009CEFDC /* LinuxDrone */ = {isa = PBXFileReference; explicitFileType = "compiled.mach-o.executable"; includeInIndex = 0; path = LinuxDrone; sourceTree = BUILT_PRODUCTS_DIR; };
		B1F0A3341A863DF700C7E995 /* libbson-1.0.0.dylib */ = {isa = PBXFileReference; lastKnownFileType = "compiled.mach-o.dylib"; name = "libbson-1.0.0.dylib"; path = "tools/libbson/libbson-1.0.0.dylib"; sourceTree = "<group>"; };
		B1F0A3361A864F9100C7E995 /* test-sender.c */ = {isa = PBXFileReference; fileEncoding = 4; lastKnownFileType = sourcecode.c.c; name = "test-sender.c"; path = "modules/test-sender/test-sender.c"; sourceTree = "<group>"; };
		B1F0A33C1A864FDB00C7E995 /* test-sender */ = {isa = PBXFileReference; explicitFileType = "compiled.mach-o.executable"; includeInIndex = 0; path = "test-sender"; sourceTree = BUILT_PRODUCTS_DIR; };
		B1F0A34B1A878F3200C7E995 /* test-sender.def.json */ = {isa = PBXFileReference; fileEncoding = 4; lastKnownFileType = text.json; name = "test-sender.def.json"; path = "modules/test-sender/test-sender.def.json"; sourceTree = "<group>"; };
		B1F0A3501A8BDB3A00C7E995 /* ModulesCommonParams.def.js */ = {isa = PBXFileReference; lastKnownFileType = sourcecode.javascript; name = ModulesCommonParams.def.js; path = webapps/configurator/client/ModulesCommonParams.def.js; sourceTree = "<group>"; };
/* End PBXFileReference section */

/* Begin PBXFrameworksBuildPhase section */
		B10493841A717BE3001F0221 /* Frameworks */ = {
			isa = PBXFrameworksBuildPhase;
			buildActionMask = 2147483647;
			files = (
				B1F0A3541A8E676700C7E995 /* libapr-2.0.dylib in Frameworks */,
				B1F0A3351A863DF700C7E995 /* libbson-1.0.0.dylib in Frameworks */,
			);
			runOnlyForDeploymentPostprocessing = 0;
		};
		B135AD061AAC5852005EAF8E /* Frameworks */ = {
			isa = PBXFrameworksBuildPhase;
			buildActionMask = 2147483647;
			files = (
				B135AD161AAC5CFF005EAF8E /* libapr-2.0.dylib in Frameworks */,
				B135AD151AAC5CCF005EAF8E /* libbson-1.0.0.dylib in Frameworks */,
				B135AD141AAC5C69005EAF8E /* libsdk.dylib in Frameworks */,
			);
			runOnlyForDeploymentPostprocessing = 0;
		};
		B1BF4C551A70398E009CEFDC /* Frameworks */ = {
			isa = PBXFrameworksBuildPhase;
			buildActionMask = 2147483647;
			files = (
				B10493821A703AC3001F0221 /* libapr-2.0.dylib in Frameworks */,
			);
			runOnlyForDeploymentPostprocessing = 0;
		};
		B1F0A3391A864FDB00C7E995 /* Frameworks */ = {
			isa = PBXFrameworksBuildPhase;
			buildActionMask = 2147483647;
			files = (
				B1F0A3531A8D451C00C7E995 /* libapr-2.0.dylib in Frameworks */,
				B1F0A3521A8BDE8800C7E995 /* libsdk.dylib in Frameworks */,
				B1F0A34E1A87913200C7E995 /* libbson-1.0.0.dylib in Frameworks */,
			);
			runOnlyForDeploymentPostprocessing = 0;
		};
/* End PBXFrameworksBuildPhase section */

/* Begin PBXGroup section */
		B135AD011AAC5643005EAF8E /* test-sender */ = {
			isa = PBXGroup;
			children = (
				B1F0A34B1A878F3200C7E995 /* test-sender.def.json */,
				B1F0A3361A864F9100C7E995 /* test-sender.c */,
			);
			name = "test-sender";
			sourceTree = "<group>";
		};
		B135AD021AAC5717005EAF8E /* test-sender-receiver */ = {
			isa = PBXGroup;
			children = (
				B135AD031AAC5794005EAF8E /* test-sender-receiver.c */,
				B135AD041AAC5794005EAF8E /* test-sender-receiver.def.json */,
			);
			name = "test-sender-receiver";
			sourceTree = "<group>";
		};
		B135AD0A1AAC5852005EAF8E /* test-sender-receiver */ = {
			isa = PBXGroup;
			children = (
				B135AD0B1AAC5852005EAF8E /* main.c */,
			);
			path = "test-sender-receiver";
			sourceTree = "<group>";
		};
		B1BF4C4F1A70398E009CEFDC = {
			isa = PBXGroup;
			children = (
				B1F0A3501A8BDB3A00C7E995 /* ModulesCommonParams.def.js */,
				B1F0A3481A8650D200C7E995 /* modules */,
				B1F0A3471A8650C800C7E995 /* sdk */,
				B10493811A703AC3001F0221 /* libapr-2.0.dylib */,
				B1F0A3341A863DF700C7E995 /* libbson-1.0.0.dylib */,
				B104937F1A703A35001F0221 /* osx-main-test.c */,
				B135AD0A1AAC5852005EAF8E /* test-sender-receiver */,
				B1BF4C591A70398E009CEFDC /* Products */,
			);
			sourceTree = "<group>";
		};
		B1BF4C591A70398E009CEFDC /* Products */ = {
			isa = PBXGroup;
			children = (
				B1BF4C581A70398E009CEFDC /* LinuxDrone */,
				B10493871A717BE3001F0221 /* libsdk.dylib */,
				B1F0A33C1A864FDB00C7E995 /* test-sender */,
				B135AD091AAC5852005EAF8E /* test-sender-receiver */,
			);
			name = Products;
			sourceTree = "<group>";
		};
		B1F0A3471A8650C800C7E995 /* sdk */ = {
			isa = PBXGroup;
			children = (
				B10493911A717CAE001F0221 /* apr-module-functions.h */,
				B10493921A717CAE001F0221 /* apr-helper-functions.c */,
				B10493931A717CAE001F0221 /* apr-module-functions.c */,
			);
			name = sdk;
			sourceTree = "<group>";
		};
		B1F0A3481A8650D200C7E995 /* modules */ = {
			isa = PBXGroup;
			children = (
				B135AD021AAC5717005EAF8E /* test-sender-receiver */,
				B135AD011AAC5643005EAF8E /* test-sender */,
			);
			name = modules;
			sourceTree = "<group>";
		};
/* End PBXGroup section */

/* Begin PBXHeadersBuildPhase section */
		B10493851A717BE3001F0221 /* Headers */ = {
			isa = PBXHeadersBuildPhase;
			buildActionMask = 2147483647;
			files = (
				B10493941A717CAE001F0221 /* apr-module-functions.h in Headers */,
			);
			runOnlyForDeploymentPostprocessing = 0;
		};
/* End PBXHeadersBuildPhase section */

/* Begin PBXNativeTarget section */
		B10493861A717BE3001F0221 /* sdk */ = {
			isa = PBXNativeTarget;
			buildConfigurationList = B10493881A717BE3001F0221 /* Build configuration list for PBXNativeTarget "sdk" */;
			buildPhases = (
				B10493831A717BE3001F0221 /* Sources */,
				B10493851A717BE3001F0221 /* Headers */,
				B10493841A717BE3001F0221 /* Frameworks */,
			);
			buildRules = (
				B1F0A34F1A8BD99200C7E995 /* PBXBuildRule */,
			);
			dependencies = (
			);
			name = sdk;
			productName = sdk;
			productReference = B10493871A717BE3001F0221 /* libsdk.dylib */;
			productType = "com.apple.product-type.library.dynamic";
		};
		B135AD081AAC5852005EAF8E /* test-sender-receiver */ = {
			isa = PBXNativeTarget;
			buildConfigurationList = B135AD0D1AAC5853005EAF8E /* Build configuration list for PBXNativeTarget "test-sender-receiver" */;
			buildPhases = (
				B135AD051AAC5852005EAF8E /* Sources */,
				B135AD061AAC5852005EAF8E /* Frameworks */,
				B135AD071AAC5852005EAF8E /* CopyFiles */,
			);
			buildRules = (
				B135AD171AAC5D18005EAF8E /* PBXBuildRule */,
			);
			dependencies = (
				B135AD111AAC5C2E005EAF8E /* PBXTargetDependency */,
			);
			name = "test-sender-receiver";
			productName = "test-sender-receiver";
			productReference = B135AD091AAC5852005EAF8E /* test-sender-receiver */;
			productType = "com.apple.product-type.tool";
		};
		B1BF4C571A70398E009CEFDC /* LinuxDrone */ = {
			isa = PBXNativeTarget;
			buildConfigurationList = B1BF4C5F1A70398E009CEFDC /* Build configuration list for PBXNativeTarget "LinuxDrone" */;
			buildPhases = (
				B1BF4C541A70398E009CEFDC /* Sources */,
				B1BF4C551A70398E009CEFDC /* Frameworks */,
				B1BF4C561A70398E009CEFDC /* CopyFiles */,
			);
			buildRules = (
			);
			dependencies = (
				B10493981A717D41001F0221 /* PBXTargetDependency */,
			);
			name = LinuxDrone;
			productName = LinuxDrone;
			productReference = B1BF4C581A70398E009CEFDC /* LinuxDrone */;
			productType = "com.apple.product-type.tool";
		};
		B1F0A33B1A864FDB00C7E995 /* test-sender */ = {
			isa = PBXNativeTarget;
			buildConfigurationList = B1F0A3401A864FDB00C7E995 /* Build configuration list for PBXNativeTarget "test-sender" */;
			buildPhases = (
				B1F0A3381A864FDB00C7E995 /* Sources */,
				B1F0A3391A864FDB00C7E995 /* Frameworks */,
				B1F0A33A1A864FDB00C7E995 /* CopyFiles */,
			);
			buildRules = (
				B1F0A34D1A878F4900C7E995 /* PBXBuildRule */,
			);
			dependencies = (
				B1F0A3451A864FFD00C7E995 /* PBXTargetDependency */,
			);
			name = "test-sender";
			productName = "test-sender";
			productReference = B1F0A33C1A864FDB00C7E995 /* test-sender */;
			productType = "com.apple.product-type.tool";
		};
/* End PBXNativeTarget section */

/* Begin PBXProject section */
		B1BF4C501A70398E009CEFDC /* Project object */ = {
			isa = PBXProject;
			attributes = {
				LastUpgradeCheck = 0610;
				ORGANIZATIONNAME = LinuxDrone;
				TargetAttributes = {
					B10493861A717BE3001F0221 = {
						CreatedOnToolsVersion = 6.1.1;
					};
					B135AD081AAC5852005EAF8E = {
						CreatedOnToolsVersion = 6.1.1;
					};
					B1BF4C571A70398E009CEFDC = {
						CreatedOnToolsVersion = 6.1.1;
					};
					B1F0A33B1A864FDB00C7E995 = {
						CreatedOnToolsVersion = 6.1.1;
					};
				};
			};
			buildConfigurationList = B1BF4C531A70398E009CEFDC /* Build configuration list for PBXProject "LinuxDrone" */;
			compatibilityVersion = "Xcode 3.2";
			developmentRegion = English;
			hasScannedForEncodings = 0;
			knownRegions = (
				en,
			);
			mainGroup = B1BF4C4F1A70398E009CEFDC;
			productRefGroup = B1BF4C591A70398E009CEFDC /* Products */;
			projectDirPath = "";
			projectRoot = "";
			targets = (
				B1BF4C571A70398E009CEFDC /* LinuxDrone */,
				B10493861A717BE3001F0221 /* sdk */,
				B1F0A33B1A864FDB00C7E995 /* test-sender */,
				B135AD081AAC5852005EAF8E /* test-sender-receiver */,
			);
		};
/* End PBXProject section */

/* Begin PBXSourcesBuildPhase section */
		B10493831A717BE3001F0221 /* Sources */ = {
			isa = PBXSourcesBuildPhase;
			buildActionMask = 2147483647;
			files = (
				B1F0A3511A8BDB3A00C7E995 /* ModulesCommonParams.def.js in Sources */,
				B10493951A717CAE001F0221 /* apr-helper-functions.c in Sources */,
				B10493961A717CAE001F0221 /* apr-module-functions.c in Sources */,
			);
			runOnlyForDeploymentPostprocessing = 0;
		};
		B135AD051AAC5852005EAF8E /* Sources */ = {
			isa = PBXSourcesBuildPhase;
			buildActionMask = 2147483647;
			files = (
				B135AD121AAC5C4C005EAF8E /* test-sender-receiver.c in Sources */,
				B135AD131AAC5C4C005EAF8E /* test-sender-receiver.def.json in Sources */,
			);
			runOnlyForDeploymentPostprocessing = 0;
		};
		B1BF4C541A70398E009CEFDC /* Sources */ = {
			isa = PBXSourcesBuildPhase;
			buildActionMask = 2147483647;
			files = (
				B1F0A3371A864F9100C7E995 /* test-sender.c in Sources */,
				B10493801A703A35001F0221 /* osx-main-test.c in Sources */,
			);
			runOnlyForDeploymentPostprocessing = 0;
		};
		B1F0A3381A864FDB00C7E995 /* Sources */ = {
			isa = PBXSourcesBuildPhase;
			buildActionMask = 2147483647;
			files = (
				B1F0A34C1A878F3E00C7E995 /* test-sender.def.json in Sources */,
				B1F0A3431A864FF100C7E995 /* test-sender.c in Sources */,
			);
			runOnlyForDeploymentPostprocessing = 0;
		};
/* End PBXSourcesBuildPhase section */

/* Begin PBXTargetDependency section */
		B10493981A717D41001F0221 /* PBXTargetDependency */ = {
			isa = PBXTargetDependency;
			target = B10493861A717BE3001F0221 /* sdk */;
			targetProxy = B10493971A717D41001F0221 /* PBXContainerItemProxy */;
		};
		B135AD111AAC5C2E005EAF8E /* PBXTargetDependency */ = {
			isa = PBXTargetDependency;
			target = B10493861A717BE3001F0221 /* sdk */;
			targetProxy = B135AD101AAC5C2E005EAF8E /* PBXContainerItemProxy */;
		};
		B1F0A3451A864FFD00C7E995 /* PBXTargetDependency */ = {
			isa = PBXTargetDependency;
			target = B10493861A717BE3001F0221 /* sdk */;
			targetProxy = B1F0A3441A864FFD00C7E995 /* PBXContainerItemProxy */;
		};
/* End PBXTargetDependency section */

/* Begin XCBuildConfiguration section */
		B10493891A717BE3001F0221 /* Debug */ = {
			isa = XCBuildConfiguration;
			buildSettings = {
				ARCHS = "$(ARCHS_STANDARD)";
				DYLIB_COMPATIBILITY_VERSION = 1;
				DYLIB_CURRENT_VERSION = 1;
				EXECUTABLE_PREFIX = lib;
				GCC_PREPROCESSOR_DEFINITIONS = (
					"DEBUG=1",
					"$(inherited)",
				);
				GCC_VERSION = "";
				"HEADER_SEARCH_PATHS[arch=*]" = (
					"$(inherited)",
					/Applications/Xcode.app/Contents/Developer/Toolchains/XcodeDefault.xctoolchain/usr/include,
					"tools/rootfs/beaglebone/usr/local/include/libbson-1.0",
					"/usr/local/apr/include/apr-2",
				);
				LIBRARY_SEARCH_PATHS = (
					"$(inherited)",
					"$(PROJECT_DIR)/tools/libbson",
					/usr/local/apr/lib,
				);
				PRODUCT_NAME = "$(TARGET_NAME)";
				VALID_ARCHS = "i386 x86_64";
			};
			name = Debug;
		};
		B104938A1A717BE3001F0221 /* Release */ = {
			isa = XCBuildConfiguration;
			buildSettings = {
				ARCHS = "$(ARCHS_STANDARD)";
				DYLIB_COMPATIBILITY_VERSION = 1;
				DYLIB_CURRENT_VERSION = 1;
				EXECUTABLE_PREFIX = lib;
				GCC_VERSION = "";
				LIBRARY_SEARCH_PATHS = (
					"$(inherited)",
					"$(PROJECT_DIR)/tools/libbson",
					/usr/local/apr/lib,
				);
				PRODUCT_NAME = "$(TARGET_NAME)";
				VALID_ARCHS = "i386 x86_64";
			};
			name = Release;
		};
		B135AD0E1AAC5853005EAF8E /* Debug */ = {
			isa = XCBuildConfiguration;
			buildSettings = {
				GCC_PREPROCESSOR_DEFINITIONS = (
					"DEBUG=1",
					"$(inherited)",
				);
				"HEADER_SEARCH_PATHS[arch=*]" = (
					"$(inherited)",
					/Applications/Xcode.app/Contents/Developer/Toolchains/XcodeDefault.xctoolchain/usr/include,
					"tools/rootfs/beaglebone/usr/local/include/libbson-1.0",
					"$(DERIVED_FILE_DIR)/../../sdk.build/DerivedSources",
					"/usr/local/apr/include/apr-2",
				);
				LIBRARY_SEARCH_PATHS = (
					"$(inherited)",
					"$(PROJECT_DIR)/tools/libbson",
					/usr/local/apr/lib,
				);
				PRODUCT_NAME = "$(TARGET_NAME)";
			};
			name = Debug;
		};
		B135AD0F1AAC5853005EAF8E /* Release */ = {
			isa = XCBuildConfiguration;
			buildSettings = {
				LIBRARY_SEARCH_PATHS = (
					"$(inherited)",
					"$(PROJECT_DIR)/tools/libbson",
					/usr/local/apr/lib,
				);
				PRODUCT_NAME = "$(TARGET_NAME)";
			};
			name = Release;
		};
		B1BF4C5D1A70398E009CEFDC /* Debug */ = {
			isa = XCBuildConfiguration;
			buildSettings = {
				ALWAYS_SEARCH_USER_PATHS = NO;
				CLANG_CXX_LANGUAGE_STANDARD = "gnu++0x";
				CLANG_CXX_LIBRARY = "libc++";
				CLANG_ENABLE_MODULES = YES;
				CLANG_ENABLE_OBJC_ARC = YES;
				CLANG_WARN_BOOL_CONVERSION = YES;
				CLANG_WARN_CONSTANT_CONVERSION = YES;
				CLANG_WARN_DIRECT_OBJC_ISA_USAGE = YES_ERROR;
				CLANG_WARN_EMPTY_BODY = YES;
				CLANG_WARN_ENUM_CONVERSION = YES;
				CLANG_WARN_INT_CONVERSION = YES;
				CLANG_WARN_OBJC_ROOT_CLASS = YES_ERROR;
				CLANG_WARN_UNREACHABLE_CODE = YES;
				CLANG_WARN__DUPLICATE_METHOD_MATCH = YES;
				COPY_PHASE_STRIP = NO;
				ENABLE_STRICT_OBJC_MSGSEND = YES;
				GCC_C_LANGUAGE_STANDARD = gnu99;
				GCC_DYNAMIC_NO_PIC = NO;
				GCC_OPTIMIZATION_LEVEL = 0;
				GCC_PREPROCESSOR_DEFINITIONS = (
					"DEBUG=1",
					"$(inherited)",
				);
				GCC_SYMBOLS_PRIVATE_EXTERN = NO;
				GCC_WARN_64_TO_32_BIT_CONVERSION = YES;
				GCC_WARN_ABOUT_RETURN_TYPE = YES_ERROR;
				GCC_WARN_UNDECLARED_SELECTOR = YES;
				GCC_WARN_UNINITIALIZED_AUTOS = YES_AGGRESSIVE;
				GCC_WARN_UNUSED_FUNCTION = YES;
				GCC_WARN_UNUSED_VARIABLE = YES;
				"HEADER_SEARCH_PATHS[arch=*]" = (
					"$(inherited)",
					/Applications/Xcode.app/Contents/Developer/Toolchains/XcodeDefault.xctoolchain/usr/include,
					"tools/rootfs/beaglebone/usr/local/include/libbson-1.0",
				);
				MACOSX_DEPLOYMENT_TARGET = 10.10;
				MTL_ENABLE_DEBUG_INFO = YES;
				ONLY_ACTIVE_ARCH = YES;
				SDKROOT = macosx;
			};
			name = Debug;
		};
		B1BF4C5E1A70398E009CEFDC /* Release */ = {
			isa = XCBuildConfiguration;
			buildSettings = {
				ALWAYS_SEARCH_USER_PATHS = NO;
				CLANG_CXX_LANGUAGE_STANDARD = "gnu++0x";
				CLANG_CXX_LIBRARY = "libc++";
				CLANG_ENABLE_MODULES = YES;
				CLANG_ENABLE_OBJC_ARC = YES;
				CLANG_WARN_BOOL_CONVERSION = YES;
				CLANG_WARN_CONSTANT_CONVERSION = YES;
				CLANG_WARN_DIRECT_OBJC_ISA_USAGE = YES_ERROR;
				CLANG_WARN_EMPTY_BODY = YES;
				CLANG_WARN_ENUM_CONVERSION = YES;
				CLANG_WARN_INT_CONVERSION = YES;
				CLANG_WARN_OBJC_ROOT_CLASS = YES_ERROR;
				CLANG_WARN_UNREACHABLE_CODE = YES;
				CLANG_WARN__DUPLICATE_METHOD_MATCH = YES;
				COPY_PHASE_STRIP = YES;
				DEBUG_INFORMATION_FORMAT = "dwarf-with-dsym";
				ENABLE_NS_ASSERTIONS = NO;
				ENABLE_STRICT_OBJC_MSGSEND = YES;
				GCC_C_LANGUAGE_STANDARD = gnu99;
				GCC_WARN_64_TO_32_BIT_CONVERSION = YES;
				GCC_WARN_ABOUT_RETURN_TYPE = YES_ERROR;
				GCC_WARN_UNDECLARED_SELECTOR = YES;
				GCC_WARN_UNINITIALIZED_AUTOS = YES_AGGRESSIVE;
				GCC_WARN_UNUSED_FUNCTION = YES;
				GCC_WARN_UNUSED_VARIABLE = YES;
				MACOSX_DEPLOYMENT_TARGET = 10.10;
				MTL_ENABLE_DEBUG_INFO = NO;
				SDKROOT = macosx;
			};
			name = Release;
		};
		B1BF4C601A70398E009CEFDC /* Debug */ = {
			isa = XCBuildConfiguration;
			buildSettings = {
				ARCHS = "$(ARCHS_STANDARD)";
				HEADER_SEARCH_PATHS = (
					"$(inherited)",
					/Applications/Xcode.app/Contents/Developer/Toolchains/XcodeDefault.xctoolchain/usr/include,
					"/usr/local/apr/include/apr-2",
				);
				LIBRARY_SEARCH_PATHS = (
					"$(inherited)",
					/usr/local/apr/lib,
				);
				PRODUCT_NAME = "$(TARGET_NAME)";
			};
			name = Debug;
		};
		B1BF4C611A70398E009CEFDC /* Release */ = {
			isa = XCBuildConfiguration;
			buildSettings = {
				ARCHS = "$(ARCHS_STANDARD)";
				LIBRARY_SEARCH_PATHS = (
					"$(inherited)",
					/usr/local/apr/lib,
				);
				PRODUCT_NAME = "$(TARGET_NAME)";
			};
			name = Release;
		};
		B1F0A3411A864FDB00C7E995 /* Debug */ = {
			isa = XCBuildConfiguration;
			buildSettings = {
				GCC_PREPROCESSOR_DEFINITIONS = (
					"DEBUG=1",
					"$(inherited)",
				);
				HEADER_SEARCH_PATHS = "";
				"HEADER_SEARCH_PATHS[arch=*]" = (
					"$(inherited)",
					/Applications/Xcode.app/Contents/Developer/Toolchains/XcodeDefault.xctoolchain/usr/include,
					"tools/rootfs/beaglebone/usr/local/include/libbson-1.0",
					"$(DERIVED_FILE_DIR)/../../sdk.build/DerivedSources/**",
					"/usr/local/apr/include/apr-2",
				);
				LIBRARY_SEARCH_PATHS = (
					"$(inherited)",
					"$(PROJECT_DIR)/tools/libbson",
					/usr/local/apr/lib,
				);
				PRODUCT_NAME = "$(TARGET_NAME)";
			};
			name = Debug;
		};
		B1F0A3421A864FDB00C7E995 /* Release */ = {
			isa = XCBuildConfiguration;
			buildSettings = {
				HEADER_SEARCH_PATHS = "";
				"HEADER_SEARCH_PATHS[arch=*]" = "";
				LIBRARY_SEARCH_PATHS = (
					"$(inherited)",
					"$(PROJECT_DIR)/tools/libbson",
					/usr/local/apr/lib,
				);
				PRODUCT_NAME = "$(TARGET_NAME)";
			};
			name = Release;
		};
/* End XCBuildConfiguration section */

/* Begin XCConfigurationList section */
		B10493881A717BE3001F0221 /* Build configuration list for PBXNativeTarget "sdk" */ = {
			isa = XCConfigurationList;
			buildConfigurations = (
				B10493891A717BE3001F0221 /* Debug */,
				B104938A1A717BE3001F0221 /* Release */,
			);
			defaultConfigurationIsVisible = 0;
			defaultConfigurationName = Release;
		};
		B135AD0D1AAC5853005EAF8E /* Build configuration list for PBXNativeTarget "test-sender-receiver" */ = {
			isa = XCConfigurationList;
			buildConfigurations = (
				B135AD0E1AAC5853005EAF8E /* Debug */,
				B135AD0F1AAC5853005EAF8E /* Release */,
			);
			defaultConfigurationIsVisible = 0;
		};
		B1BF4C531A70398E009CEFDC /* Build configuration list for PBXProject "LinuxDrone" */ = {
			isa = XCConfigurationList;
			buildConfigurations = (
				B1BF4C5D1A70398E009CEFDC /* Debug */,
				B1BF4C5E1A70398E009CEFDC /* Release */,
			);
			defaultConfigurationIsVisible = 0;
			defaultConfigurationName = Release;
		};
		B1BF4C5F1A70398E009CEFDC /* Build configuration list for PBXNativeTarget "LinuxDrone" */ = {
			isa = XCConfigurationList;
			buildConfigurations = (
				B1BF4C601A70398E009CEFDC /* Debug */,
				B1BF4C611A70398E009CEFDC /* Release */,
			);
			defaultConfigurationIsVisible = 0;
			defaultConfigurationName = Release;
		};
		B1F0A3401A864FDB00C7E995 /* Build configuration list for PBXNativeTarget "test-sender" */ = {
			isa = XCConfigurationList;
			buildConfigurations = (
				B1F0A3411A864FDB00C7E995 /* Debug */,
				B1F0A3421A864FDB00C7E995 /* Release */,
			);
			defaultConfigurationIsVisible = 0;
			defaultConfigurationName = Release;
		};
/* End XCConfigurationList section */
	};
	rootObject = B1BF4C501A70398E009CEFDC /* Project object */;
}
