
Microsoft Visual Studio Solution File, Format Version 12.00
# Visual Studio 2013
VisualStudioVersion = 12.0.31101.0
MinimumVisualStudioVersion = 10.0.40219.1
Project("{8BC9CEB8-8B4A-11D0-8D11-00A0C91BC942}") = "apr", "apr.vcxproj", "{88E0CDBA-E82A-4D83-86D4-9C9102054DCD}"
EndProject
Project("{8BC9CEB8-8B4A-11D0-8D11-00A0C91BC942}") = "aprapp", "build\aprapp.vcxproj", "{DE098AC7-951C-44A9-BBD5-B96F28508325}"
EndProject
Project("{8BC9CEB8-8B4A-11D0-8D11-00A0C91BC942}") = "libapr", "libapr.vcxproj", "{69777BCB-F756-46CF-99B1-AF8A92ECEC9B}"
EndProject
Project("{8BC9CEB8-8B4A-11D0-8D11-00A0C91BC942}") = "libaprapp", "build\libaprapp.vcxproj", "{4B09D2C3-269B-4B16-A74B-629FFBCA91CE}"
EndProject
Project("{8BC9CEB8-8B4A-11D0-8D11-00A0C91BC942}") = "preaprapp", "build\preaprapp.vcxproj", "{7492142E-6FD2-4106-86B7-E9A6DE7ED8E1}"
EndProject
Project("{8BC9CEB8-8B4A-11D0-8D11-00A0C91BC942}") = "prelibaprapp", "build\prelibaprapp.vcxproj", "{51278939-72C0-45A5-BF3E-6617305B4FB0}"
EndProject
Global
	GlobalSection(SolutionConfigurationPlatforms) = preSolution
		Debug|Win32 = Debug|Win32
		Debug|x64 = Debug|x64
		Debug9x|Win32 = Debug9x|Win32
		Debug9x|x64 = Debug9x|x64
		Release|Win32 = Release|Win32
		Release|x64 = Release|x64
		Release9x|Win32 = Release9x|Win32
		Release9x|x64 = Release9x|x64
		Template|Win32 = Template|Win32
		Template|x64 = Template|x64
	EndGlobalSection
	GlobalSection(ProjectConfigurationPlatforms) = postSolution
		{88E0CDBA-E82A-4D83-86D4-9C9102054DCD}.Debug|Win32.ActiveCfg = Debug|Win32
		{88E0CDBA-E82A-4D83-86D4-9C9102054DCD}.Debug|Win32.Build.0 = Debug|Win32
		{88E0CDBA-E82A-4D83-86D4-9C9102054DCD}.Debug|x64.ActiveCfg = Debug|x64
		{88E0CDBA-E82A-4D83-86D4-9C9102054DCD}.Debug|x64.Build.0 = Debug|x64
		{88E0CDBA-E82A-4D83-86D4-9C9102054DCD}.Debug9x|Win32.ActiveCfg = Debug9x|Win32
		{88E0CDBA-E82A-4D83-86D4-9C9102054DCD}.Debug9x|Win32.Build.0 = Debug9x|Win32
		{88E0CDBA-E82A-4D83-86D4-9C9102054DCD}.Debug9x|x64.ActiveCfg = Debug9x|x64
		{88E0CDBA-E82A-4D83-86D4-9C9102054DCD}.Debug9x|x64.Build.0 = Debug9x|x64
		{88E0CDBA-E82A-4D83-86D4-9C9102054DCD}.Release|Win32.ActiveCfg = Release|Win32
		{88E0CDBA-E82A-4D83-86D4-9C9102054DCD}.Release|Win32.Build.0 = Release|Win32
		{88E0CDBA-E82A-4D83-86D4-9C9102054DCD}.Release|x64.ActiveCfg = Release|x64
		{88E0CDBA-E82A-4D83-86D4-9C9102054DCD}.Release|x64.Build.0 = Release|x64
		{88E0CDBA-E82A-4D83-86D4-9C9102054DCD}.Release9x|Win32.ActiveCfg = Release9x|Win32
		{88E0CDBA-E82A-4D83-86D4-9C9102054DCD}.Release9x|Win32.Build.0 = Release9x|Win32
		{88E0CDBA-E82A-4D83-86D4-9C9102054DCD}.Release9x|x64.ActiveCfg = Release9x|x64
		{88E0CDBA-E82A-4D83-86D4-9C9102054DCD}.Release9x|x64.Build.0 = Release9x|x64
		{88E0CDBA-E82A-4D83-86D4-9C9102054DCD}.Template|Win32.ActiveCfg = Template|Win32
		{88E0CDBA-E82A-4D83-86D4-9C9102054DCD}.Template|Win32.Build.0 = Template|Win32
		{88E0CDBA-E82A-4D83-86D4-9C9102054DCD}.Template|x64.ActiveCfg = Template|x64
		{88E0CDBA-E82A-4D83-86D4-9C9102054DCD}.Template|x64.Build.0 = Template|x64
		{DE098AC7-951C-44A9-BBD5-B96F28508325}.Debug|Win32.ActiveCfg = Debug|Win32
		{DE098AC7-951C-44A9-BBD5-B96F28508325}.Debug|Win32.Build.0 = Debug|Win32
		{DE098AC7-951C-44A9-BBD5-B96F28508325}.Debug|x64.ActiveCfg = Debug|x64
		{DE098AC7-951C-44A9-BBD5-B96F28508325}.Debug|x64.Build.0 = Debug|x64
		{DE098AC7-951C-44A9-BBD5-B96F28508325}.Debug9x|Win32.ActiveCfg = Debug9x|Win32
		{DE098AC7-951C-44A9-BBD5-B96F28508325}.Debug9x|Win32.Build.0 = Debug9x|Win32
		{DE098AC7-951C-44A9-BBD5-B96F28508325}.Debug9x|x64.ActiveCfg = Debug9x|x64
		{DE098AC7-951C-44A9-BBD5-B96F28508325}.Debug9x|x64.Build.0 = Debug9x|x64
		{DE098AC7-951C-44A9-BBD5-B96F28508325}.Release|Win32.ActiveCfg = Release|Win32
		{DE098AC7-951C-44A9-BBD5-B96F28508325}.Release|Win32.Build.0 = Release|Win32
		{DE098AC7-951C-44A9-BBD5-B96F28508325}.Release|x64.ActiveCfg = Release|x64
		{DE098AC7-951C-44A9-BBD5-B96F28508325}.Release|x64.Build.0 = Release|x64
		{DE098AC7-951C-44A9-BBD5-B96F28508325}.Release9x|Win32.ActiveCfg = Release9x|Win32
		{DE098AC7-951C-44A9-BBD5-B96F28508325}.Release9x|Win32.Build.0 = Release9x|Win32
		{DE098AC7-951C-44A9-BBD5-B96F28508325}.Release9x|x64.ActiveCfg = Release9x|x64
		{DE098AC7-951C-44A9-BBD5-B96F28508325}.Release9x|x64.Build.0 = Release9x|x64
		{DE098AC7-951C-44A9-BBD5-B96F28508325}.Template|Win32.ActiveCfg = Template|Win32
		{DE098AC7-951C-44A9-BBD5-B96F28508325}.Template|Win32.Build.0 = Template|Win32
		{DE098AC7-951C-44A9-BBD5-B96F28508325}.Template|x64.ActiveCfg = Template|x64
		{DE098AC7-951C-44A9-BBD5-B96F28508325}.Template|x64.Build.0 = Template|x64
		{69777BCB-F756-46CF-99B1-AF8A92ECEC9B}.Debug|Win32.ActiveCfg = Debug|Win32
		{69777BCB-F756-46CF-99B1-AF8A92ECEC9B}.Debug|Win32.Build.0 = Debug|Win32
		{69777BCB-F756-46CF-99B1-AF8A92ECEC9B}.Debug|x64.ActiveCfg = Debug|x64
		{69777BCB-F756-46CF-99B1-AF8A92ECEC9B}.Debug|x64.Build.0 = Debug|x64
		{69777BCB-F756-46CF-99B1-AF8A92ECEC9B}.Debug9x|Win32.ActiveCfg = Debug9x|Win32
		{69777BCB-F756-46CF-99B1-AF8A92ECEC9B}.Debug9x|Win32.Build.0 = Debug9x|Win32
		{69777BCB-F756-46CF-99B1-AF8A92ECEC9B}.Debug9x|x64.ActiveCfg = Debug9x|x64
		{69777BCB-F756-46CF-99B1-AF8A92ECEC9B}.Debug9x|x64.Build.0 = Debug9x|x64
		{69777BCB-F756-46CF-99B1-AF8A92ECEC9B}.Release|Win32.ActiveCfg = Release|Win32
		{69777BCB-F756-46CF-99B1-AF8A92ECEC9B}.Release|Win32.Build.0 = Release|Win32
		{69777BCB-F756-46CF-99B1-AF8A92ECEC9B}.Release|x64.ActiveCfg = Release|x64
		{69777BCB-F756-46CF-99B1-AF8A92ECEC9B}.Release|x64.Build.0 = Release|x64
		{69777BCB-F756-46CF-99B1-AF8A92ECEC9B}.Release9x|Win32.ActiveCfg = Release9x|Win32
		{69777BCB-F756-46CF-99B1-AF8A92ECEC9B}.Release9x|Win32.Build.0 = Release9x|Win32
		{69777BCB-F756-46CF-99B1-AF8A92ECEC9B}.Release9x|x64.ActiveCfg = Release9x|x64
		{69777BCB-F756-46CF-99B1-AF8A92ECEC9B}.Release9x|x64.Build.0 = Release9x|x64
		{69777BCB-F756-46CF-99B1-AF8A92ECEC9B}.Template|Win32.ActiveCfg = Template|Win32
		{69777BCB-F756-46CF-99B1-AF8A92ECEC9B}.Template|Win32.Build.0 = Template|Win32
		{69777BCB-F756-46CF-99B1-AF8A92ECEC9B}.Template|x64.ActiveCfg = Template|x64
		{69777BCB-F756-46CF-99B1-AF8A92ECEC9B}.Template|x64.Build.0 = Template|x64
		{4B09D2C3-269B-4B16-A74B-629FFBCA91CE}.Debug|Win32.ActiveCfg = Debug|Win32
		{4B09D2C3-269B-4B16-A74B-629FFBCA91CE}.Debug|Win32.Build.0 = Debug|Win32
		{4B09D2C3-269B-4B16-A74B-629FFBCA91CE}.Debug|x64.ActiveCfg = Debug|x64
		{4B09D2C3-269B-4B16-A74B-629FFBCA91CE}.Debug|x64.Build.0 = Debug|x64
		{4B09D2C3-269B-4B16-A74B-629FFBCA91CE}.Debug9x|Win32.ActiveCfg = Debug9x|Win32
		{4B09D2C3-269B-4B16-A74B-629FFBCA91CE}.Debug9x|Win32.Build.0 = Debug9x|Win32
		{4B09D2C3-269B-4B16-A74B-629FFBCA91CE}.Debug9x|x64.ActiveCfg = Debug9x|x64
		{4B09D2C3-269B-4B16-A74B-629FFBCA91CE}.Debug9x|x64.Build.0 = Debug9x|x64
		{4B09D2C3-269B-4B16-A74B-629FFBCA91CE}.Release|Win32.ActiveCfg = Release|Win32
		{4B09D2C3-269B-4B16-A74B-629FFBCA91CE}.Release|Win32.Build.0 = Release|Win32
		{4B09D2C3-269B-4B16-A74B-629FFBCA91CE}.Release|x64.ActiveCfg = Release|x64
		{4B09D2C3-269B-4B16-A74B-629FFBCA91CE}.Release|x64.Build.0 = Release|x64
		{4B09D2C3-269B-4B16-A74B-629FFBCA91CE}.Release9x|Win32.ActiveCfg = Release9x|Win32
		{4B09D2C3-269B-4B16-A74B-629FFBCA91CE}.Release9x|Win32.Build.0 = Release9x|Win32
		{4B09D2C3-269B-4B16-A74B-629FFBCA91CE}.Release9x|x64.ActiveCfg = Release9x|x64
		{4B09D2C3-269B-4B16-A74B-629FFBCA91CE}.Release9x|x64.Build.0 = Release9x|x64
		{4B09D2C3-269B-4B16-A74B-629FFBCA91CE}.Template|Win32.ActiveCfg = Template|Win32
		{4B09D2C3-269B-4B16-A74B-629FFBCA91CE}.Template|Win32.Build.0 = Template|Win32
		{4B09D2C3-269B-4B16-A74B-629FFBCA91CE}.Template|x64.ActiveCfg = Template|x64
		{4B09D2C3-269B-4B16-A74B-629FFBCA91CE}.Template|x64.Build.0 = Template|x64
		{7492142E-6FD2-4106-86B7-E9A6DE7ED8E1}.Debug|Win32.ActiveCfg = Debug|Win32
		{7492142E-6FD2-4106-86B7-E9A6DE7ED8E1}.Debug|Win32.Build.0 = Debug|Win32
		{7492142E-6FD2-4106-86B7-E9A6DE7ED8E1}.Debug|x64.ActiveCfg = Debug|x64
		{7492142E-6FD2-4106-86B7-E9A6DE7ED8E1}.Debug|x64.Build.0 = Debug|x64
		{7492142E-6FD2-4106-86B7-E9A6DE7ED8E1}.Debug9x|Win32.ActiveCfg = Debug9x|Win32
		{7492142E-6FD2-4106-86B7-E9A6DE7ED8E1}.Debug9x|Win32.Build.0 = Debug9x|Win32
		{7492142E-6FD2-4106-86B7-E9A6DE7ED8E1}.Debug9x|x64.ActiveCfg = Debug9x|x64
		{7492142E-6FD2-4106-86B7-E9A6DE7ED8E1}.Debug9x|x64.Build.0 = Debug9x|x64
		{7492142E-6FD2-4106-86B7-E9A6DE7ED8E1}.Release|Win32.ActiveCfg = Release|Win32
		{7492142E-6FD2-4106-86B7-E9A6DE7ED8E1}.Release|Win32.Build.0 = Release|Win32
		{7492142E-6FD2-4106-86B7-E9A6DE7ED8E1}.Release|x64.ActiveCfg = Release|x64
		{7492142E-6FD2-4106-86B7-E9A6DE7ED8E1}.Release|x64.Build.0 = Release|x64
		{7492142E-6FD2-4106-86B7-E9A6DE7ED8E1}.Release9x|Win32.ActiveCfg = Release9x|Win32
		{7492142E-6FD2-4106-86B7-E9A6DE7ED8E1}.Release9x|Win32.Build.0 = Release9x|Win32
		{7492142E-6FD2-4106-86B7-E9A6DE7ED8E1}.Release9x|x64.ActiveCfg = Release9x|x64
		{7492142E-6FD2-4106-86B7-E9A6DE7ED8E1}.Release9x|x64.Build.0 = Release9x|x64
		{7492142E-6FD2-4106-86B7-E9A6DE7ED8E1}.Template|Win32.ActiveCfg = Template|Win32
		{7492142E-6FD2-4106-86B7-E9A6DE7ED8E1}.Template|Win32.Build.0 = Template|Win32
		{7492142E-6FD2-4106-86B7-E9A6DE7ED8E1}.Template|x64.ActiveCfg = Template|x64
		{7492142E-6FD2-4106-86B7-E9A6DE7ED8E1}.Template|x64.Build.0 = Template|x64
		{51278939-72C0-45A5-BF3E-6617305B4FB0}.Debug|Win32.ActiveCfg = Debug|Win32
		{51278939-72C0-45A5-BF3E-6617305B4FB0}.Debug|Win32.Build.0 = Debug|Win32
		{51278939-72C0-45A5-BF3E-6617305B4FB0}.Debug|x64.ActiveCfg = Debug|x64
		{51278939-72C0-45A5-BF3E-6617305B4FB0}.Debug|x64.Build.0 = Debug|x64
		{51278939-72C0-45A5-BF3E-6617305B4FB0}.Debug9x|Win32.ActiveCfg = Debug9x|Win32
		{51278939-72C0-45A5-BF3E-6617305B4FB0}.Debug9x|Win32.Build.0 = Debug9x|Win32
		{51278939-72C0-45A5-BF3E-6617305B4FB0}.Debug9x|x64.ActiveCfg = Debug9x|x64
		{51278939-72C0-45A5-BF3E-6617305B4FB0}.Debug9x|x64.Build.0 = Debug9x|x64
		{51278939-72C0-45A5-BF3E-6617305B4FB0}.Release|Win32.ActiveCfg = Release|Win32
		{51278939-72C0-45A5-BF3E-6617305B4FB0}.Release|Win32.Build.0 = Release|Win32
		{51278939-72C0-45A5-BF3E-6617305B4FB0}.Release|x64.ActiveCfg = Release|x64
		{51278939-72C0-45A5-BF3E-6617305B4FB0}.Release|x64.Build.0 = Release|x64
		{51278939-72C0-45A5-BF3E-6617305B4FB0}.Release9x|Win32.ActiveCfg = Release9x|Win32
		{51278939-72C0-45A5-BF3E-6617305B4FB0}.Release9x|Win32.Build.0 = Release9x|Win32
		{51278939-72C0-45A5-BF3E-6617305B4FB0}.Release9x|x64.ActiveCfg = Release9x|x64
		{51278939-72C0-45A5-BF3E-6617305B4FB0}.Release9x|x64.Build.0 = Release9x|x64
		{51278939-72C0-45A5-BF3E-6617305B4FB0}.Template|Win32.ActiveCfg = Template|Win32
		{51278939-72C0-45A5-BF3E-6617305B4FB0}.Template|Win32.Build.0 = Template|Win32
		{51278939-72C0-45A5-BF3E-6617305B4FB0}.Template|x64.ActiveCfg = Template|x64
		{51278939-72C0-45A5-BF3E-6617305B4FB0}.Template|x64.Build.0 = Template|x64
	EndGlobalSection
	GlobalSection(SolutionProperties) = preSolution
		HideSolutionNode = FALSE
	EndGlobalSection
EndGlobal
